{
    "_readme": [
        "This file locks the dependencies of your project to a known state",
        "Read more about it at https://getcomposer.org/doc/01-basic-usage.md#composer-lock-the-lock-file",
        "This file is @generated automatically"
    ],
    "content-hash": "e5ff4578d0148eb518ad4ea25ce11faf",
    "packages": [
        {
            "name": "chrisboulton/php-resque",
            "version": "dev-master",
            "source": {
                "type": "git",
                "url": "https://github.com/M2Mobi/php-resque.git",
                "reference": "981ef3da53f671c14f8fc61a233c3974f04128a9"
            },
            "dist": {
                "type": "zip",
                "url": "https://api.github.com/repos/M2Mobi/php-resque/zipball/981ef3da53f671c14f8fc61a233c3974f04128a9",
                "reference": "981ef3da53f671c14f8fc61a233c3974f04128a9",
                "shasum": ""
            },
            "require": {
                "colinmollenhour/credis": "~1.7",
                "ext-pcntl": "*",
                "php": ">=5.3.0",
                "psr/log": "~1.0"
            },
            "require-dev": {
                "phpunit/phpunit": "3.7.*"
            },
            "suggest": {
                "ext-proctitle": "Allows php-resque to rename the title of UNIX processes to show the status of a worker.",
                "ext-redis": "Native PHP extension for Redis connectivity. Credis will automatically utilize when available."
            },
            "bin": [
                "bin/resque"
            ],
            "type": "library",
            "autoload": {
                "psr-0": {
                    "Resque": "lib"
                }
            },
            "license": [
                "MIT"
            ],
            "authors": [
                {
                    "name": "Chris Boulton",
                    "email": "chris@bigcommerce.com"
                }
            ],
            "description": "Redis backed library for creating background jobs and processing them later. Based on resque for Ruby.",
            "homepage": "http://www.github.com/chrisboulton/php-resque/",
            "keywords": [
                "background",
                "job",
                "redis",
                "resque"
            ],
            "support": {
                "source": "https://github.com/M2Mobi/php-resque/tree/master"
            },
            "time": "2017-05-09 12:28:54"
        },
        {
            "name": "colinmollenhour/credis",
            "version": "1.8.2",
            "source": {
                "type": "git",
                "url": "https://github.com/colinmollenhour/credis.git",
                "reference": "9c14b4bb0779127638a17dd8aab8f05f28c6df43"
            },
            "dist": {
                "type": "zip",
                "url": "https://api.github.com/repos/colinmollenhour/credis/zipball/9c14b4bb0779127638a17dd8aab8f05f28c6df43",
                "reference": "9c14b4bb0779127638a17dd8aab8f05f28c6df43",
                "shasum": ""
            },
            "require": {
                "php": ">=5.4.0"
            },
            "type": "library",
            "autoload": {
                "classmap": [
                    "Client.php",
                    "Cluster.php",
                    "Sentinel.php",
                    "Module.php"
                ]
            },
            "notification-url": "https://packagist.org/downloads/",
            "license": [
                "MIT"
            ],
            "authors": [
                {
                    "name": "Colin Mollenhour",
                    "email": "colin@mollenhour.com"
                }
            ],
            "description": "Credis is a lightweight interface to the Redis key-value store which wraps the phpredis library when available for better performance.",
            "homepage": "https://github.com/colinmollenhour/credis",
            "time": "2017-07-05T15:32:38+00:00"
        },
        {
            "name": "duccio/apns-php",
            "version": "dev-master",
            "source": {
                "type": "git",
                "url": "https://github.com/M2Mobi/ApnsPHP.git",
                "reference": "2f5965c37568a26084d7544947cc0883ad2dac0d"
            },
            "dist": {
                "type": "zip",
                "url": "https://api.github.com/repos/M2Mobi/ApnsPHP/zipball/2f5965c37568a26084d7544947cc0883ad2dac0d",
                "reference": "2f5965c37568a26084d7544947cc0883ad2dac0d",
                "shasum": ""
            },
            "require": {
                "lib-openssl": "*",
                "php": ">=5.3.0",
                "psr/log": "~1.0"
            },
            "type": "library",
            "autoload": {
                "files": [
                    "ApnsPHP/Autoload.php"
                ]
            },
            "license": [
                "BSD-3-Clause"
            ],
            "description": "Apple Push Notification & Feedback Provider",
            "homepage": "https://github.com/immobiliare/ApnsPHP",
            "keywords": [
                "APNS",
                "apple",
                "notification",
                "push"
            ],
            "support": {
                "source": "https://github.com/M2Mobi/ApnsPHP/tree/master"
            },
            "time": "2017-07-28 09:24:13"
        },
        {
            "name": "phpmailer/phpmailer",
            "version": "v6.0.0rc5",
            "source": {
                "type": "git",
                "url": "https://github.com/PHPMailer/PHPMailer.git",
                "reference": "9c3ba23563a54f9318bb2e4748db45e0c4cd96c6"
            },
            "dist": {
                "type": "zip",
                "url": "https://api.github.com/repos/PHPMailer/PHPMailer/zipball/9c3ba23563a54f9318bb2e4748db45e0c4cd96c6",
                "reference": "9c3ba23563a54f9318bb2e4748db45e0c4cd96c6",
                "shasum": ""
            },
            "require": {
                "php": ">=5.5.0"
            },
            "require-dev": {
                "phpdocumentor/phpdocumentor": "2.*",
                "phpunit/phpunit": "4.*"
            },
            "suggest": {
                "ext-mbstring": "Needed to send email in multibyte encoding charset",
                "hayageek/oauth2-yahoo": "Needed for Yahoo XOAUTH2 authentication",
                "league/oauth2-google": "Needed for Google XOAUTH2 authentication",
                "psr/log": "For optional PSR-3 debug logging",
                "stevenmaguire/oauth2-microsoft": "Needed for Microsoft XOAUTH2 authentication",
                "symfony/polyfill-mbstring": "To support UTF-8 if the Mbstring PHP extension is not enabled (^1.2)"
            },
            "type": "library",
            "autoload": {
                "psr-4": {
                    "PHPMailer\\PHPMailer\\": "src/"
                }
            },
            "notification-url": "https://packagist.org/downloads/",
            "license": [
                "LGPL-2.1"
            ],
            "authors": [
                {
                    "name": "Jim Jagielski",
                    "email": "jimjag@gmail.com"
                },
                {
                    "name": "Marcus Bointon",
                    "email": "phpmailer@synchromedia.co.uk"
                },
                {
                    "name": "Andy Prevost",
                    "email": "codeworxtech@users.sourceforge.net"
                },
                {
                    "name": "Brent R. Matzelle"
                }
            ],
            "description": "PHPMailer is a full-featured email creation and transfer class for PHP",
            "time": "2017-02-28T10:46:22+00:00"
        },
        {
            "name": "psr/cache",
            "version": "1.0.1",
            "source": {
                "type": "git",
                "url": "https://github.com/php-fig/cache.git",
                "reference": "d11b50ad223250cf17b86e38383413f5a6764bf8"
            },
            "dist": {
                "type": "zip",
                "url": "https://api.github.com/repos/php-fig/cache/zipball/d11b50ad223250cf17b86e38383413f5a6764bf8",
                "reference": "d11b50ad223250cf17b86e38383413f5a6764bf8",
                "shasum": ""
            },
            "require": {
                "php": ">=5.3.0"
            },
            "type": "library",
            "extra": {
                "branch-alias": {
                    "dev-master": "1.0.x-dev"
                }
            },
            "autoload": {
                "psr-4": {
                    "Psr\\Cache\\": "src/"
                }
            },
            "notification-url": "https://packagist.org/downloads/",
            "license": [
                "MIT"
            ],
            "authors": [
                {
                    "name": "PHP-FIG",
                    "homepage": "http://www.php-fig.org/"
                }
            ],
            "description": "Common interface for caching libraries",
            "keywords": [
                "cache",
                "psr",
                "psr-6"
            ],
            "time": "2016-08-06T20:24:11+00:00"
        },
        {
            "name": "psr/log",
            "version": "1.0.2",
            "source": {
                "type": "git",
                "url": "https://github.com/php-fig/log.git",
                "reference": "4ebe3a8bf773a19edfe0a84b6585ba3d401b724d"
            },
            "dist": {
                "type": "zip",
                "url": "https://api.github.com/repos/php-fig/log/zipball/4ebe3a8bf773a19edfe0a84b6585ba3d401b724d",
                "reference": "4ebe3a8bf773a19edfe0a84b6585ba3d401b724d",
                "shasum": ""
            },
            "require": {
                "php": ">=5.3.0"
            },
            "type": "library",
            "extra": {
                "branch-alias": {
                    "dev-master": "1.0.x-dev"
                }
            },
            "autoload": {
                "psr-4": {
                    "Psr\\Log\\": "Psr/Log/"
                }
            },
            "notification-url": "https://packagist.org/downloads/",
            "license": [
                "MIT"
            ],
            "authors": [
                {
                    "name": "PHP-FIG",
                    "homepage": "http://www.php-fig.org/"
                }
            ],
            "description": "Common interface for logging libraries",
            "homepage": "https://github.com/php-fig/log",
            "keywords": [
                "log",
                "psr",
                "psr-3"
            ],
            "time": "2016-10-10T12:19:37+00:00"
        },
        {
            "name": "rmccue/requests",
            "version": "v1.7.0",
            "source": {
                "type": "git",
                "url": "https://github.com/rmccue/Requests.git",
                "reference": "87932f52ffad70504d93f04f15690cf16a089546"
            },
            "dist": {
                "type": "zip",
                "url": "https://api.github.com/repos/rmccue/Requests/zipball/87932f52ffad70504d93f04f15690cf16a089546",
                "reference": "87932f52ffad70504d93f04f15690cf16a089546",
                "shasum": ""
            },
            "require": {
                "php": ">=5.2"
            },
            "require-dev": {
                "requests/test-server": "dev-master"
            },
            "type": "library",
            "autoload": {
                "psr-0": {
                    "Requests": "library/"
                }
            },
            "notification-url": "https://packagist.org/downloads/",
            "license": [
                "ISC"
            ],
            "authors": [
                {
                    "name": "Ryan McCue",
                    "homepage": "http://ryanmccue.info"
                }
            ],
            "description": "A HTTP library written in PHP, for human beings.",
            "homepage": "http://github.com/rmccue/Requests",
            "keywords": [
                "curl",
                "fsockopen",
                "http",
                "idna",
                "ipv6",
                "iri",
                "sockets"
            ],
            "time": "2016-10-13T00:11:37+00:00"
        }
    ],
    "packages-dev": [],
    "aliases": [],
    "minimum-stability": "stable",
    "stability-flags": {
        "chrisboulton/php-resque": 20,
        "duccio/apns-php": 20,
        "phpmailer/phpmailer": 5
    },
    "prefer-stable": false,
    "prefer-lowest": false,
    "platform": {
        "php": "5.6.*"
    },
    "platform-dev": {
        "ext-runkit": "~1.0.4",
        "ext-xdebug": "~2.4"
    }
}
